
Microsoft Visual Studio Solution File, Format Version 12.00
# Visual Studio Version 16
VisualStudioVersion = 16.0.30804.86
MinimumVisualStudioVersion = 10.0.40219.1
Project("{2150E333-8FDC-42A3-9474-1A3956D46DE8}") = "src", "src", "{0475872C-42F9-4ACF-84EA-3CDF8949CA11}"
EndProject
Project("{2150E333-8FDC-42A3-9474-1A3956D46DE8}") = "Basket", "Basket", "{29CC2F70-4032-4EDE-969D-C9A498AF747C}"
EndProject
Project("{9A19103F-16F7-4668-BE54-9A1E7A4F7556}") = "Basket.API", "src\Basket\Basket.API\Basket.API.csproj", "{BB78F92C-733A-414D-A590-18A34B9168C1}"
EndProject
Project("{2150E333-8FDC-42A3-9474-1A3956D46DE8}") = "Catalog", "Catalog", "{FEC077A5-3E60-4FBF-B602-37173A56F619}"
EndProject
Project("{9A19103F-16F7-4668-BE54-9A1E7A4F7556}") = "Catalog.API", "src\Catalog\Catalog.API\Catalog.API.csproj", "{AB2D0DAB-29A2-4347-B89D-9C645FE76DB7}"
EndProject
Project("{E53339B2-1760-4266-BCC7-CA923CBCF16C}") = "docker-compose", "docker-compose.dcproj", "{067D2542-F0DA-4935-8313-6DD710FB5090}"
EndProject
Project("{2150E333-8FDC-42A3-9474-1A3956D46DE8}") = "Common", "Common", "{3EF71595-3A9B-455B-A7FD-A5673C0A662B}"
EndProject
Project("{9A19103F-16F7-4668-BE54-9A1E7A4F7556}") = "EventBusRabbitMQ", "src\Common\EventBusRabbitMQ\EventBusRabbitMQ.csproj", "{747BE61B-8C9B-4988-9A2D-14025C6C97C3}"
EndProject
Project("{2150E333-8FDC-42A3-9474-1A3956D46DE8}") = "Ordering", "Ordering", "{EAEF6F56-2D96-44F2-A03B-65399E9906A4}"
EndProject
Project("{9A19103F-16F7-4668-BE54-9A1E7A4F7556}") = "Ordering.API", "src\Ordering\Ordering.API\Ordering.API.csproj", "{21854B12-B49D-4AB7-9187-175CDA743010}"
EndProject
Project("{9A19103F-16F7-4668-BE54-9A1E7A4F7556}") = "Ordering.Core", "src\Ordering\Ordering.Core\Ordering.Core.csproj", "{06790A15-BD48-4336-BB46-9997F4779B04}"
EndProject
Project("{9A19103F-16F7-4668-BE54-9A1E7A4F7556}") = "Ordering.Infrastructure", "src\Ordering\Ordering.Infrastructure\Ordering.Infrastructure.csproj", "{DCCB5DED-BA06-4238-B3A8-FF0CCB369841}"
EndProject
Project("{2150E333-8FDC-42A3-9474-1A3956D46DE8}") = "APIGateway", "APIGateway", "{204EF113-0F7D-4776-AEBB-94BE9A6E3638}"
EndProject
Project("{FAE04EC0-301F-11D3-BF4B-00C04F79EFBC}") = "OcelotAPIGateway", "src\APIGateway\OcelotAPIGateway\OcelotAPIGateway.csproj", "{C04E97B8-9C8E-4377-A01E-208B51B79F3D}"
EndProject
Global
	GlobalSection(SolutionConfigurationPlatforms) = preSolution
		Debug|Any CPU = Debug|Any CPU
		Release|Any CPU = Release|Any CPU
	EndGlobalSection
	GlobalSection(ProjectConfigurationPlatforms) = postSolution
		{BB78F92C-733A-414D-A590-18A34B9168C1}.Debug|Any CPU.ActiveCfg = Debug|Any CPU
		{BB78F92C-733A-414D-A590-18A34B9168C1}.Debug|Any CPU.Build.0 = Debug|Any CPU
		{BB78F92C-733A-414D-A590-18A34B9168C1}.Release|Any CPU.ActiveCfg = Release|Any CPU
		{BB78F92C-733A-414D-A590-18A34B9168C1}.Release|Any CPU.Build.0 = Release|Any CPU
		{AB2D0DAB-29A2-4347-B89D-9C645FE76DB7}.Debug|Any CPU.ActiveCfg = Debug|Any CPU
		{AB2D0DAB-29A2-4347-B89D-9C645FE76DB7}.Debug|Any CPU.Build.0 = Debug|Any CPU
		{AB2D0DAB-29A2-4347-B89D-9C645FE76DB7}.Release|Any CPU.ActiveCfg = Release|Any CPU
		{AB2D0DAB-29A2-4347-B89D-9C645FE76DB7}.Release|Any CPU.Build.0 = Release|Any CPU
		{067D2542-F0DA-4935-8313-6DD710FB5090}.Debug|Any CPU.ActiveCfg = Debug|Any CPU
		{067D2542-F0DA-4935-8313-6DD710FB5090}.Debug|Any CPU.Build.0 = Debug|Any CPU
		{067D2542-F0DA-4935-8313-6DD710FB5090}.Release|Any CPU.ActiveCfg = Release|Any CPU
		{067D2542-F0DA-4935-8313-6DD710FB5090}.Release|Any CPU.Build.0 = Release|Any CPU
		{747BE61B-8C9B-4988-9A2D-14025C6C97C3}.Debug|Any CPU.ActiveCfg = Debug|Any CPU
		{747BE61B-8C9B-4988-9A2D-14025C6C97C3}.Debug|Any CPU.Build.0 = Debug|Any CPU
		{747BE61B-8C9B-4988-9A2D-14025C6C97C3}.Release|Any CPU.ActiveCfg = Release|Any CPU
		{747BE61B-8C9B-4988-9A2D-14025C6C97C3}.Release|Any CPU.Build.0 = Release|Any CPU
		{21854B12-B49D-4AB7-9187-175CDA743010}.Debug|Any CPU.ActiveCfg = Debug|Any CPU
		{21854B12-B49D-4AB7-9187-175CDA743010}.Debug|Any CPU.Build.0 = Debug|Any CPU
		{21854B12-B49D-4AB7-9187-175CDA743010}.Release|Any CPU.ActiveCfg = Release|Any CPU
		{21854B12-B49D-4AB7-9187-175CDA743010}.Release|Any CPU.Build.0 = Release|Any CPU
		{06790A15-BD48-4336-BB46-9997F4779B04}.Debug|Any CPU.ActiveCfg = Debug|Any CPU
		{06790A15-BD48-4336-BB46-9997F4779B04}.Debug|Any CPU.Build.0 = Debug|Any CPU
		{06790A15-BD48-4336-BB46-9997F4779B04}.Release|Any CPU.ActiveCfg = Release|Any CPU
		{06790A15-BD48-4336-BB46-9997F4779B04}.Release|Any CPU.Build.0 = Release|Any CPU
		{DCCB5DED-BA06-4238-B3A8-FF0CCB369841}.Debug|Any CPU.ActiveCfg = Debug|Any CPU
		{DCCB5DED-BA06-4238-B3A8-FF0CCB369841}.Debug|Any CPU.Build.0 = Debug|Any CPU
		{DCCB5DED-BA06-4238-B3A8-FF0CCB369841}.Release|Any CPU.ActiveCfg = Release|Any CPU
		{DCCB5DED-BA06-4238-B3A8-FF0CCB369841}.Release|Any CPU.Build.0 = Release|Any CPU
		{C04E97B8-9C8E-4377-A01E-208B51B79F3D}.Debug|Any CPU.ActiveCfg = Debug|Any CPU
		{C04E97B8-9C8E-4377-A01E-208B51B79F3D}.Debug|Any CPU.Build.0 = Debug|Any CPU
		{C04E97B8-9C8E-4377-A01E-208B51B79F3D}.Release|Any CPU.ActiveCfg = Release|Any CPU
		{C04E97B8-9C8E-4377-A01E-208B51B79F3D}.Release|Any CPU.Build.0 = Release|Any CPU
	EndGlobalSection
	GlobalSection(SolutionProperties) = preSolution
		HideSolutionNode = FALSE
	EndGlobalSection
	GlobalSection(NestedProjects) = preSolution
		{29CC2F70-4032-4EDE-969D-C9A498AF747C} = {0475872C-42F9-4ACF-84EA-3CDF8949CA11}
		{BB78F92C-733A-414D-A590-18A34B9168C1} = {29CC2F70-4032-4EDE-969D-C9A498AF747C}
		{FEC077A5-3E60-4FBF-B602-37173A56F619} = {0475872C-42F9-4ACF-84EA-3CDF8949CA11}
		{AB2D0DAB-29A2-4347-B89D-9C645FE76DB7} = {FEC077A5-3E60-4FBF-B602-37173A56F619}
		{3EF71595-3A9B-455B-A7FD-A5673C0A662B} = {0475872C-42F9-4ACF-84EA-3CDF8949CA11}
		{747BE61B-8C9B-4988-9A2D-14025C6C97C3} = {3EF71595-3A9B-455B-A7FD-A5673C0A662B}
		{EAEF6F56-2D96-44F2-A03B-65399E9906A4} = {0475872C-42F9-4ACF-84EA-3CDF8949CA11}
		{21854B12-B49D-4AB7-9187-175CDA743010} = {EAEF6F56-2D96-44F2-A03B-65399E9906A4}
		{06790A15-BD48-4336-BB46-9997F4779B04} = {EAEF6F56-2D96-44F2-A03B-65399E9906A4}
		{DCCB5DED-BA06-4238-B3A8-FF0CCB369841} = {EAEF6F56-2D96-44F2-A03B-65399E9906A4}
		{204EF113-0F7D-4776-AEBB-94BE9A6E3638} = {0475872C-42F9-4ACF-84EA-3CDF8949CA11}
		{C04E97B8-9C8E-4377-A01E-208B51B79F3D} = {204EF113-0F7D-4776-AEBB-94BE9A6E3638}
	EndGlobalSection
	GlobalSection(ExtensibilityGlobals) = postSolution
		SolutionGuid = {61B575E6-484B-4F9F-A5C2-E74A8FFD6B01}
	EndGlobalSection
EndGlobal
